<?xml version="1.0" encoding="UTF-8" standalone="yes" ?>
<CodeBlocks_project_file>
   <FileVersion major="1" minor="6" />
   <Project>
      <Option title="namesScore" />
      <Option makefile_is_custom="1" />
      <Option compiler="gcc" />
      <Option virtualFolders="CMake Files\;CMake Files\src\;CMake Files\test\;" />
      <Build>
      <Target title="all">
         <Option working_dir="/home/dimontik/nameScore" />
         <Option type="4" />
         <MakeCommands>
            <Build command="/usr/bin/make -f &quot;/home/dimontik/nameScore/Makefile&quot;  VERBOSE=1 all" />
            <CompileFile command="/usr/bin/make -f &quot;/home/dimontik/nameScore/Makefile&quot;  VERBOSE=1 &quot;$file&quot;" />
            <Clean command="/usr/bin/make -f &quot;/home/dimontik/nameScore/Makefile&quot;  VERBOSE=1 clean" />
            <DistClean command="/usr/bin/make -f &quot;/home/dimontik/nameScore/Makefile&quot;  VERBOSE=1 clean" />
         </MakeCommands>
      </Target>
      <Target title="test">
         <Option working_dir="/home/dimontik/nameScore" />
         <Option type="4" />
         <MakeCommands>
            <Build command="/usr/bin/make -f &quot;/home/dimontik/nameScore/Makefile&quot;  VERBOSE=1 test" />
            <CompileFile command="/usr/bin/make -f &quot;/home/dimontik/nameScore/Makefile&quot;  VERBOSE=1 &quot;$file&quot;" />
            <Clean command="/usr/bin/make -f &quot;/home/dimontik/nameScore/Makefile&quot;  VERBOSE=1 clean" />
            <DistClean command="/usr/bin/make -f &quot;/home/dimontik/nameScore/Makefile&quot;  VERBOSE=1 clean" />
         </MakeCommands>
      </Target>
      <Target title="edit_cache">
         <Option working_dir="/home/dimontik/nameScore" />
         <Option type="4" />
         <MakeCommands>
            <Build command="/usr/bin/make -f &quot;/home/dimontik/nameScore/Makefile&quot;  VERBOSE=1 edit_cache" />
            <CompileFile command="/usr/bin/make -f &quot;/home/dimontik/nameScore/Makefile&quot;  VERBOSE=1 &quot;$file&quot;" />
            <Clean command="/usr/bin/make -f &quot;/home/dimontik/nameScore/Makefile&quot;  VERBOSE=1 clean" />
            <DistClean command="/usr/bin/make -f &quot;/home/dimontik/nameScore/Makefile&quot;  VERBOSE=1 clean" />
         </MakeCommands>
      </Target>
      <Target title="rebuild_cache">
         <Option working_dir="/home/dimontik/nameScore" />
         <Option type="4" />
         <MakeCommands>
            <Build command="/usr/bin/make -f &quot;/home/dimontik/nameScore/Makefile&quot;  VERBOSE=1 rebuild_cache" />
            <CompileFile command="/usr/bin/make -f &quot;/home/dimontik/nameScore/Makefile&quot;  VERBOSE=1 &quot;$file&quot;" />
            <Clean command="/usr/bin/make -f &quot;/home/dimontik/nameScore/Makefile&quot;  VERBOSE=1 clean" />
            <DistClean command="/usr/bin/make -f &quot;/home/dimontik/nameScore/Makefile&quot;  VERBOSE=1 clean" />
         </MakeCommands>
      </Target>
      <Target title="NamesScoreLib">
         <Option output="/home/dimontik/nameScore/src/libNamesScoreLib.a" prefix_auto="0" extension_auto="0" />
         <Option working_dir="/home/dimontik/nameScore/src" />
         <Option object_output="./" />
         <Option type="2" />
         <Option compiler="gcc" />
         <Compiler>
         </Compiler>
         <MakeCommands>
            <Build command="/usr/bin/make -f &quot;/home/dimontik/nameScore/src/Makefile&quot;  VERBOSE=1 NamesScoreLib" />
            <CompileFile command="/usr/bin/make -f &quot;/home/dimontik/nameScore/src/Makefile&quot;  VERBOSE=1 &quot;$file&quot;" />
            <Clean command="/usr/bin/make -f &quot;/home/dimontik/nameScore/src/Makefile&quot;  VERBOSE=1 clean" />
            <DistClean command="/usr/bin/make -f &quot;/home/dimontik/nameScore/src/Makefile&quot;  VERBOSE=1 clean" />
         </MakeCommands>
      </Target>
      <Target title="NamesScoreLib/fast">
         <Option output="/home/dimontik/nameScore/src/libNamesScoreLib.a" prefix_auto="0" extension_auto="0" />
         <Option working_dir="/home/dimontik/nameScore/src" />
         <Option object_output="./" />
         <Option type="2" />
         <Option compiler="gcc" />
         <Compiler>
         </Compiler>
         <MakeCommands>
            <Build command="/usr/bin/make -f &quot;/home/dimontik/nameScore/src/Makefile&quot;  VERBOSE=1 NamesScoreLib/fast" />
            <CompileFile command="/usr/bin/make -f &quot;/home/dimontik/nameScore/src/Makefile&quot;  VERBOSE=1 &quot;$file&quot;" />
            <Clean command="/usr/bin/make -f &quot;/home/dimontik/nameScore/src/Makefile&quot;  VERBOSE=1 clean" />
            <DistClean command="/usr/bin/make -f &quot;/home/dimontik/nameScore/src/Makefile&quot;  VERBOSE=1 clean" />
         </MakeCommands>
      </Target>
      <Target title="Main">
         <Option output="/home/dimontik/nameScore/src/Main" prefix_auto="0" extension_auto="0" />
         <Option working_dir="/home/dimontik/nameScore" />
         <Option object_output="./" />
         <Option type="1" />
         <Option compiler="gcc" />
         <Compiler>
         </Compiler>
         <MakeCommands>
            <Build command="/usr/bin/make -f &quot;/home/dimontik/nameScore/src/Makefile&quot;  VERBOSE=1 Main" />
            <CompileFile command="/usr/bin/make -f &quot;/home/dimontik/nameScore/src/Makefile&quot;  VERBOSE=1 &quot;$file&quot;" />
            <Clean command="/usr/bin/make -f &quot;/home/dimontik/nameScore/src/Makefile&quot;  VERBOSE=1 clean" />
            <DistClean command="/usr/bin/make -f &quot;/home/dimontik/nameScore/src/Makefile&quot;  VERBOSE=1 clean" />
         </MakeCommands>
      </Target>
      <Target title="Main/fast">
         <Option output="/home/dimontik/nameScore/src/Main" prefix_auto="0" extension_auto="0" />
         <Option working_dir="/home/dimontik/nameScore" />
         <Option object_output="./" />
         <Option type="1" />
         <Option compiler="gcc" />
         <Compiler>
         </Compiler>
         <MakeCommands>
            <Build command="/usr/bin/make -f &quot;/home/dimontik/nameScore/src/Makefile&quot;  VERBOSE=1 Main/fast" />
            <CompileFile command="/usr/bin/make -f &quot;/home/dimontik/nameScore/src/Makefile&quot;  VERBOSE=1 &quot;$file&quot;" />
            <Clean command="/usr/bin/make -f &quot;/home/dimontik/nameScore/src/Makefile&quot;  VERBOSE=1 clean" />
            <DistClean command="/usr/bin/make -f &quot;/home/dimontik/nameScore/src/Makefile&quot;  VERBOSE=1 clean" />
         </MakeCommands>
      </Target>
      <Target title="Test">
         <Option output="/home/dimontik/nameScore/test/Test" prefix_auto="0" extension_auto="0" />
         <Option working_dir="/home/dimontik/nameScore/test" />
         <Option object_output="./" />
         <Option type="1" />
         <Option compiler="gcc" />
         <Compiler>
            <Add directory="/home/dimontik/nameScore/src" />
            <Add directory="/home/dimontik/nameScore/test/$boost_installation_prefix/include" />
         </Compiler>
         <MakeCommands>
            <Build command="/usr/bin/make -f &quot;/home/dimontik/nameScore/test/Makefile&quot;  VERBOSE=1 Test" />
            <CompileFile command="/usr/bin/make -f &quot;/home/dimontik/nameScore/test/Makefile&quot;  VERBOSE=1 &quot;$file&quot;" />
            <Clean command="/usr/bin/make -f &quot;/home/dimontik/nameScore/test/Makefile&quot;  VERBOSE=1 clean" />
            <DistClean command="/usr/bin/make -f &quot;/home/dimontik/nameScore/test/Makefile&quot;  VERBOSE=1 clean" />
         </MakeCommands>
      </Target>
      <Target title="Test/fast">
         <Option output="/home/dimontik/nameScore/test/Test" prefix_auto="0" extension_auto="0" />
         <Option working_dir="/home/dimontik/nameScore/test" />
         <Option object_output="./" />
         <Option type="1" />
         <Option compiler="gcc" />
         <Compiler>
            <Add directory="/home/dimontik/nameScore/src" />
            <Add directory="/home/dimontik/nameScore/test/$boost_installation_prefix/include" />
         </Compiler>
         <MakeCommands>
            <Build command="/usr/bin/make -f &quot;/home/dimontik/nameScore/test/Makefile&quot;  VERBOSE=1 Test/fast" />
            <CompileFile command="/usr/bin/make -f &quot;/home/dimontik/nameScore/test/Makefile&quot;  VERBOSE=1 &quot;$file&quot;" />
            <Clean command="/usr/bin/make -f &quot;/home/dimontik/nameScore/test/Makefile&quot;  VERBOSE=1 clean" />
            <DistClean command="/usr/bin/make -f &quot;/home/dimontik/nameScore/test/Makefile&quot;  VERBOSE=1 clean" />
         </MakeCommands>
      </Target>
      </Build>
      <Unit filename="/home/dimontik/nameScore/src/NamesScore.cpp">
         <Option target="NamesScoreLib"/>
      </Unit>
      <Unit filename="/home/dimontik/nameScore/src/NamesScore.h">
         <Option target="NamesScoreLib"/>
      </Unit>
      <Unit filename="/home/dimontik/nameScore/src/main.cpp">
         <Option target="Main"/>
      </Unit>
      <Unit filename="/home/dimontik/nameScore/test/test.cpp">
         <Option target="Test"/>
      </Unit>
      <Unit filename="/home/dimontik/nameScore/CMakeLists.txt">
          <Option virtualFolder="CMake Files\" />
      </Unit>
      <Unit filename="/home/dimontik/nameScore/src/CMakeLists.txt">
          <Option virtualFolder="CMake Files\src\" />
      </Unit>
      <Unit filename="/home/dimontik/nameScore/test/CMakeLists.txt">
          <Option virtualFolder="CMake Files\test\" />
      </Unit>
   </Project>
</CodeBlocks_project_file>
